
Microsoft Visual Studio Solution File, Format Version 12.00
# Visual Studio 15
VisualStudioVersion = 15.0.27703.2047
MinimumVisualStudioVersion = 10.0.40219.1
Project("{FAE04EC0-301F-11D3-BF4B-00C04F79EFBC}") = "FolderWidget", "FolderWidget\FolderWidget.csproj", "{6E92E907-80C5-4EBE-933D-1C04750A993C}"
EndProject
Global
	GlobalSection(SolutionConfigurationPlatforms) = preSolution
		Debug|Any CPU = Debug|Any CPU
		Release|Any CPU = Release|Any CPU
	EndGlobalSection
	GlobalSection(ProjectConfigurationPlatforms) = postSolution
		{6E92E907-80C5-4EBE-933D-1C04750A993C}.Debug|Any CPU.ActiveCfg = Debug|Any CPU
		{6E92E907-80C5-4EBE-933D-1C04750A993C}.Debug|Any CPU.Build.0 = Debug|Any CPU
		{6E92E907-80C5-4EBE-933D-1C04750A993C}.Release|Any CPU.ActiveCfg = Release|Any CPU
		{6E92E907-80C5-4EBE-933D-1C04750A993C}.Release|Any CPU.Build.0 = Release|Any CPU
	EndGlobalSection
	GlobalSection(SolutionProperties) = preSolution
		HideSolutionNode = FALSE
	EndGlobalSection
	GlobalSection(ExtensibilityGlobals) = postSolution
		SolutionGuid = {F3F48642-0FED-48AD-BACE-ABBD7C34B822}
	EndGlobalSection
EndGlobal
